
Microsoft Visual Studio Solution File, Format Version 12.00
# Visual Studio 15
Project("{FAE04EC0-301F-11D3-BF4B-00C04F79EFBC}") = "Portfolio", "Portfolio\Portfolio.csproj", "{362B09E2-97B3-41B9-AC32-3279CE0979BF}"
EndProject
Project("{FAE04EC0-301F-11D3-BF4B-00C04F79EFBC}") = "Portfolio.Tests", "Portfolio.Tests\Portfolio.Tests.csproj", "{80E6A644-CAA8-456E-A8C1-C87E81A05028}"
EndProject
Global
	GlobalSection(SolutionConfigurationPlatforms) = preSolution
		Debug|Any CPU = Debug|Any CPU
		Release|Any CPU = Release|Any CPU
	EndGlobalSection
	GlobalSection(ProjectConfigurationPlatforms) = postSolution
		{362B09E2-97B3-41B9-AC32-3279CE0979BF}.Debug|Any CPU.ActiveCfg = Debug|Any CPU
		{362B09E2-97B3-41B9-AC32-3279CE0979BF}.Debug|Any CPU.Build.0 = Debug|Any CPU
		{362B09E2-97B3-41B9-AC32-3279CE0979BF}.Release|Any CPU.ActiveCfg = Release|Any CPU
		{362B09E2-97B3-41B9-AC32-3279CE0979BF}.Release|Any CPU.Build.0 = Release|Any CPU
		{80E6A644-CAA8-456E-A8C1-C87E81A05028}.Debug|Any CPU.ActiveCfg = Debug|Any CPU
		{80E6A644-CAA8-456E-A8C1-C87E81A05028}.Debug|Any CPU.Build.0 = Debug|Any CPU
		{80E6A644-CAA8-456E-A8C1-C87E81A05028}.Release|Any CPU.ActiveCfg = Release|Any CPU
		{80E6A644-CAA8-456E-A8C1-C87E81A05028}.Release|Any CPU.Build.0 = Release|Any CPU
	EndGlobalSection
EndGlobal
